
Microsoft Visual Studio Solution File, Format Version 12.00
# Visual Studio Version 17
VisualStudioVersion = 17.3.32825.248
MinimumVisualStudioVersion = 10.0.40219.1
Project("{FAE04EC0-301F-11D3-BF4B-00C04F79EFBC}") = "Application 9.6", "Application 9.6.csproj", "{2E49DED8-334E-4B17-962A-C069BC4B3AF9}"
EndProject
Global
	GlobalSection(SolutionConfigurationPlatforms) = preSolution
		Debug|Any CPU = Debug|Any CPU
		Release|Any CPU = Release|Any CPU
	EndGlobalSection
	GlobalSection(ProjectConfigurationPlatforms) = postSolution
		{2E49DED8-334E-4B17-962A-C069BC4B3AF9}.Debug|Any CPU.ActiveCfg = Debug|Any CPU
		{2E49DED8-334E-4B17-962A-C069BC4B3AF9}.Debug|Any CPU.Build.0 = Debug|Any CPU
		{2E49DED8-334E-4B17-962A-C069BC4B3AF9}.Release|Any CPU.ActiveCfg = Release|Any CPU
		{2E49DED8-334E-4B17-962A-C069BC4B3AF9}.Release|Any CPU.Build.0 = Release|Any CPU
	EndGlobalSection
	GlobalSection(SolutionProperties) = preSolution
		HideSolutionNode = FALSE
	EndGlobalSection
	GlobalSection(ExtensibilityGlobals) = postSolution
		SolutionGuid = {BE54FF76-F5E8-47E6-BE7D-78176AD6367E}
	EndGlobalSection
EndGlobal
